
Microsoft Visual Studio Solution File, Format Version 12.00
# Visual Studio Version 17
VisualStudioVersion = 17.3.32929.385
MinimumVisualStudioVersion = 10.0.40219.1
Project("{FAE04EC0-301F-11D3-BF4B-00C04F79EFBC}") = "CalculatorConsoleApp", "CalculatorConsoleApp\CalculatorConsoleApp.csproj", "{868C1E30-E3D1-4103-AF5B-F78F766CCC6B}"
EndProject
Global
	GlobalSection(SolutionConfigurationPlatforms) = preSolution
		Debug|Any CPU = Debug|Any CPU
		Release|Any CPU = Release|Any CPU
	EndGlobalSection
	GlobalSection(ProjectConfigurationPlatforms) = postSolution
		{868C1E30-E3D1-4103-AF5B-F78F766CCC6B}.Debug|Any CPU.ActiveCfg = Debug|Any CPU
		{868C1E30-E3D1-4103-AF5B-F78F766CCC6B}.Debug|Any CPU.Build.0 = Debug|Any CPU
		{868C1E30-E3D1-4103-AF5B-F78F766CCC6B}.Release|Any CPU.ActiveCfg = Release|Any CPU
		{868C1E30-E3D1-4103-AF5B-F78F766CCC6B}.Release|Any CPU.Build.0 = Release|Any CPU
	EndGlobalSection
	GlobalSection(SolutionProperties) = preSolution
		HideSolutionNode = FALSE
	EndGlobalSection
	GlobalSection(ExtensibilityGlobals) = postSolution
		SolutionGuid = {5A45C466-4B57-4481-946C-6515406A8D7F}
	EndGlobalSection
EndGlobal
